{
  "name": "ethkey-paytr-protocol",
  "version": "1.0.0",
  "lockfileVersion": 2,
  "requires": true,
  "packages": {
    "": {
      "name": "ethkey-paytr-protocol",
      "version": "1.0.0",
      "license": "MIT",
      "dependencies": {
        "crypto": "^1.0.1",
        "js-sha3": "^0.8.0",
        "secp256k1": "^4.0.2"
      },
      "devDependencies": {
        "eslint": "^9.17.0",
        "jest": "^27.0.6"
      }
    },
    "node_modules/crypto": {
      "version": "1.0.1",
      "resolved": "https://registry.npmjs.org/crypto/-/crypto-1.0.1.tgz",
      "integrity": "sha512-1d2X1+1d2X1+1d2X1+1d2X1+1d2X1+1d2X1+1d2X1+1d2X1+1d2X1+1d2X1+1d2X1+1d2X1+1d2X1+1d2X1+1d2X1+1d2X1+1d2X1+1d2X1+1d2X1+1d2X1+1d2X1+1d2X1+1d2X1+1d2X1+1d2X1+1d2X1+1d2X1+1d2X1+1d2X1+1d2X1+1d2X1+1d2X1+1d2X1+1d2X1+1d2X1+1d2X1+1d2X1+1d2X1+1d2X1+1d2X1+1d2X1+1d2X1+1d2X1+1d2X1+1d2X1+1d2X1+1d2X1+1d2X1+1d2X1+1d2X1+1d2X1+1d2X1+1d2X1+1d2X1+1d2X1+1d2X1+1d2X1+1d2X1+1d2X1+1d2X1+1d2X1+1d2X1+1d2X1+1d2X1+1d2X1+1d2X1+1d2X1+1d2X1+1d2X1+1d2X1+1d2X1+1d2X1+1d2X1+1d2X1+1d2X1+1d2X1+1d2X1+1d2X1+1d2X1+1d2X1+1d2X1+1d2X1+1d2X1+1d2X1+1d2X1+1d2X1+1d2X1+1d2X1+1d2X1+1d2X1+1d2X1+1d2X1+1d2X1+1d2X1+1d2X1+1d2X1+1d2X1+1d2X1+1d2X1+1d2X1+1d2X1+1d2X1+1d2X1+1d2X1+1d2X1+1d2X1+1d2X1+1d2X1+1d2X1+1d2X1+1d2X1+1d2X1+1d2X1+1d2X1+1d2X1+1d2X1+1d2X1+1d2X1+1d2X1+1d2X1+1d2X1+1d2X1+1d2X1+1d2X1+1d2X1+1d2X1+1d2X1+1d2X1+1d2X1+1d2X1+1d2X1+1d2X1+1d2X1+1d2X1+1d2X1+1d2X1+1d2X1+1d2X1+1d2X1+1d2X1+1d2X1+1d2X1+1d2X1+1d2X1+1d2X1+1d2X1+1d2X1+1d2X1+1d2X1+1d2X1+1d2X1+1d2X1+1d2X1+1d2X1+1d2X1+1d2X1+1d2X1+1d2X1+1d2X1+1d2X1+1d2X1+1d2X1+1d2X1+1d2X1+1d2X1+1d2X1+1d2X1+1d2X1+1d2X1+1d2X1+1d2X1+1d2X1+1d2X1+1d2X1+1d2X1+1d2X1+1d2X1+1d2X1+1d2X1+1d2X1+1d2X1+1d2X1+1d2X1+1d2X1+1d2X1+1d2X1+1d2X1+1d2X1+1d2X1+1d2X1+1d2X1+1d2X1+1d2X1+1d2X1+1d2X1+1d2X1+1d2X1+1d2X1+1d2X1+1d2X1+1d2X1+1d2X1+1d2X1+1d2X1+1d2X1+1d2X1+1d2X1+1d2X1+1d2X1+1d2X1+1d2X1+1d2X1+1d2X1+1d2X1+1d2X1+1d2X1+1d2X1+1d2X1+1d2X1+1d2X1+1d2X1+1d2X1+1d2X1+1d2X1+1d2X1+1d2X1+1d2X1+1d2X1+1d2X1+1d2X1+1d2X1+1d2X1+1d2X1+1d2X1+1d2X1+1d2X1+1d2X1+1d2X1+1d2X1+1d2X1+1d2X1+1d2X1+1d2X1+1d2X1+1d2X1+1d2X1+1d2X1+1d2X1+1d2X1+1d2X1+1d2X1+1d2X1+1d2X1+1d2X1+1d2X1+1d2X1+1d2X1+1d2X1+1d2X1+1d2X1+1d2X1+1d2X1+1d2X1+1d2X1+1d2X1+1d2X1+1d2X1+1d2X1+1d2X1+1d2X1+1d2X1+1d2X1+1d2X1+1d2X1+1d2X1+1d2X1+1d2X1+1d2X1+1d2X1+1d2X1+1d2X1+1d2X1+1d2X1+1d2X1+1d2X1+1d2X1+1d2X1+1d2X1+1d2X1+1d2X1+1d2X1+1d2X1+1d2X1+1d2X1+1d2X1+1d2X1+1d2X1+1d2X1+1d2X1+1d2X1+1d2X1+1d2X1+1d2X1+1d2X1+1d2X1+1d2X1+1d2X1+1d2X1+1d2X1+1d2X1+1d2X1+1d2X1+1d2X1+1d2X1+1d2X1+1d2X1+1d2X1+1d2X1+1d2X1+1d2X1+1d2X1+1d2X1+1d2X1+1d2X1+1d2X1+1d2X1+1d2X1+1d2X1+1d2X1+1d2X1+1d2X1+1d2X1+1d2X1+1d2X1+1d2X1+1d2X1+1d2X1+1d2X1+1d2X1+1d2X1+1d2X1+1d2X1+1d2X1+1d2X1+1d2X1+1d2X1+1d2X1+1d2X1+1d2X1+1d2X1+1d2X1+1d2X1+1d2X1+1d2X1+1d2X1+1d2X1+1d2X1+1d2X1+1d2X1+1d2X1+1d2X1+1d2X1+1d2X1+1d2X1+1d2X1+1d2X1+1d2X1+1d2X1+1d2X1+1d2X1+1d2X1+1d2X1+1d2X1+1d2X1+1d2X1+1d2X1+1d2X1+1d2X1+1d2X1+1d2X1+1d2X1+1d2X1+1d2X1+1d2X1+1d2X1+1d2X1+1d2X1+1d2X1+1d2X1+1d2X1+1d2X1+1d2X1+1d2X1+1d2X1+1d2X1+1d2X1+1d2X1+1d2X1+1d2X1+1d2X1+1d2X1+1d2X1+1d2X1+1d2X1+1d2X1+1d2X1+1d2X1+1d2X1+1d2X1+1d2X1+1d2X1+1d2X1+1d2X1+1d2X1+1d2X1+1d2X1+1d2X1+1d2X1+1d2X1+1d2X1+1d2X1+1d2X1+1d2X1+1d2X1+1d2X1+1d2X1+1d2X1+1d2X1+1d2X1+1d2X1+1d2X1+1d2X1+1d2X1+1d2X1+1d2X1+1d2X1+1d2X1+1d2X1+1d2X1+1d2X1+1d2X1+1d2X1+1d2X1+1d2X1+1d2X1+1d2X1+1d2X1+1d2X1+1d2X1+1d2X1+1d2X1+1d2X1+1d2X1+1d2X1+1d2X1+1d2X1+1d2X1+1d2X1+1d2X1+1d2X1+1d2X1+1d2X1+1d2X1+1d2X1+1d2X1+1d2X1+1d2X1+1d2X1+1d2X1+1d2X1+1d2X1+1d2X1+1d2X1+1d2X1+1d2X1+1d2X1+1d2X1+1d2X1+1d2X1+1d2X1+1d2X1+1d2X1+1d2X1+1d2X1+1d2X1+1d2X1+1d2X1+1d2X1+1d2X1+1d2X1+1d2X1+1d2X1+1d2X1+1d2X1+1d2X1+1d2X1+1d2X1+1d2X1+1d2X1+1d2X1+1d2X1+1d2X1+1d2X1+1d2X1+1d2X1+1d2X1+1d2X1+1d2X1+1d2X1+1d2X1+1d2X1+1d2X1+1d2X1+1d2X1+1d2X1+1d2X1+1d2X1+1d2X1+1d2X1+1d2X1+1d2X1+1d2X1+1d2X1+1d2X1+1d2X1+1d2X1+1d2X1+1d2X1+1d2X1+1d2X1+1d2X1+1d2X1+1d2X1+1d2X1+1d2X1+1d2X1+1d2X1+1d2X1+1d2X1+1d2X1+1d2X1+1d2X1+1d2X1+1d2X1+1d2X1+1d2X1+1d2X1+1d2X1+1d2X1+1d2X1+1d2X1+1d2X1+1d2X1+1d2X1+1d2X1+1d2X1+1d2X1+1d2X1+1d2X1+1d2X1+1d2X1+1d2X1+1d2X1+1d2X1+1d2X1+1d2X1+1d2X1+1d2X1+1d2X1+1d2X1+1d2X1+1d2X1+1d2X1+1d2X1+1d2X1+1d2X1+1d2X1+1d2X1+1d2X1+1d2X1+1d2X1+1d2X1+1d2X1+1d2X1+1d2X1+1d2X1+1d2X1+1d2X1+1d2X1+1d2X1+1d2X1+1d2X1+1d2X1+1d2X1+1d2X1+1d2X1+1d2X1+1d2X1+1d2X1+1d2X1+1d2X1+1d2X1+1d2X1+1d2X1+1d2X1+1d2X1+1d2X1+1d2X1+1d2X1+1d2X1+1d2X1+1d2X1+1d2X1+1d2X1+1d2X1+1d2X1+1d2X1+1d2X1+1d2X1+1d2X1+1d2X1+1d2X1+1d2X1+1d2X1+1d2X1+1d2X1+1d2X1+1d2X1+1d2X1+1d2X1+1d2X1+1d2X1+1d2X1+1d2X1+1d2X1+1d2X1+1d2X1+1d2X1+1d2X1+1d2X1+1d2X1+1d2X1+1d2X1+1d2X1+1d2X1+1d2X1+1d2X1+1d2X1+1d2X1+1d2X1+1d2X1+1d2X1+1d2X1+1d2X1+1d2X1+1d2X1+1d2X1+1d2X1+1d2X1+1d2X1+1d2X1+1d2X1+1d2X1+1d2X1+1d2X1+1d2X1+1d2X1+1d2X1+1d2X1+1d2X1+1d2X1+1d2X1+1d2X1+1d2X1+1d2X1+1d2X1+1d2X1+1d2X1+1d2X1+1d2X1+1d2X1+1d2X1+1d2X1+1d2X1+1d2X1+1d2X1+1d2X1+1d2X1+1d2X1+1d2X1+1d2X1+1d2X1+1d2X1+1d2X1+1d2X1+1d2X1+1d2X1+1d2X1+1d2X1+1d2X1+1d2X1+1d2X1+1d2X1+1d2X1+1d2X1+1d2X1+1d2X1+1d2X1+1d2X1+1d2X1+1d2X1+1d2X1+1d2X1+1d2X1+1d2X1+1d2X1+1d2X1+1d2X1+1d2X1+1d2X1+1d2X1+1d2X1+1d2X1+1d2X1+1d2X1+1d2X1+1d2X1+1d2X1+1d2X1+1d2X1+1d2X1+1d2X1+1d2X1+1d2X1+1d2X1+1d2X1+1d2X1+1d2X1+1d2X1+1d2X1+1d2X1+1d2X1+1d2X1+1d2X1+1d2X1+1d2X1+1d2X1+1d2X1+1d2X1+1d2X1+1d2X1+1d2X1+1d2X1+1d2X1+1d2X1+1d2X1+1d2X1+1d2X1+1d2X1+1d2X1+1d2X1+1d2X1+1d2X1+1d2X1+1d2X1+1d2X1+1d2X1+1d2X1+1d2X1+1d2X1+1d2X1+1d2X1+1d2X1+1d2X1+1d2X1+1d2X1+1d2X1+1d2X1+1d2X1+1d2X1+1d2X1+1d2X1+1d2X1+1d2X1+1d2X1+1d2X1+1d2X1+1d2X1+1d2X1+1d2X1+1d2X1+1d2X1+1d2X1+1d2X1+1d2X1+1d2X1+1d2X1+1d2X1+1d2X1+1d2X1+1d2X1+1d2X1+1d2X1+1d2X1+1d2X1+1d2X1+1d2X1+1d2X1+1d2X1+1d2X1+1d2X1+1d2X1+1d2X1+1d2X1+1d2X1+1d2X1+1d2X1+1d2X1+1d2X1+1d2X1+1d2X1+1d2X1+1d2X1+1d2X1+1d2X1+1d2X1+1d2X1+1d2X1+1d2X1+1d2X1+1d2X1+1d2X1+1d2X1+1d2X1+1d2X1+1d2X1+1d2X1+1d2X1+1d2X1+1d2X1+1d2X1+1d2X1+1d2X1+1d2X1+1d2X1+1d2X1+1d2X1+1d2X1+1d2X1+1d2X1+1d2X1+1d2X1+1d2X1+1d2X1+1d2X1+1d2X1+1d2X1+1d2X1+1d2X1+1d2X1+1d2X1+1d2X1+1d2X1+1d2X1+1d2X1+1d2X1+1d2X1+1d2X1+1d2X1+1d2X1+1d2X1+1d2X1+1d2X1+1d2X1+1d2X1+1d2X1+1d2X1+1d2X1+1d2X1+1d2X1+1d2X1+1d2X1+1d2X1+1d2X1+1d2X1+1d2X1+1d2X1+1d2X1+1d2X1+1d2X1+1d2X1+1d2X1+1d2X1+1d2X1+1d2X1+1d2X1+1d2X1+1d2X1+1d2X1+1d2X1+1d2X1+1d2X1+1d2X1+1d2X1+1d2X1+1d2X1+1d2X1+1d2X1+1d2X1+1d2X1+1d2X1+1d2X1+1d2X1+1d2X1+1d2X1+1d2X1+1d2X1+1d2X1+1d2X1+1d2X1+1d2X1+1d2X1+1d2X1+1d2X1+1d2X1+1d2X1+1d2X1+1d2X1+1d2X1+1d2X1+1d2X1+1d2X1+1d2X1+1d2X1+1d2X1+1d2X1+1d2X1+1d2X1+1d2X1+1d2X1+1d2X1+1d2X1+1d2X1+1d2X1+1d2X1+1d2X1+1d2X1+1d2X1+1d2X1+1d2X1+1d2X1+1d2X1+1d2X1+1d2X1+1d2X1+1d2X1+1d2X1+1d2X1+1d2X1+1d2X1+1d2X1+1d2X1+1d2X1+1d2X1+1d2X1+1d2X1+1d2X1+1d2X1+1d2X1+1d2X1+1d2X1+1d2X1+1d2X1+1d2X1+1d2X1+1d2X1+1d2X1+1d2X1+1d2X1+1d2X1+1d2X1+1d2X1+1d2X1+1d2X1+1d2X1+1d2X1+1d2X1+1d2X1+1d2X1+1d2X1+1d2X1+1d2X1+1d2X1+1d2X1+1d2X1+1d2X1+1d2X1+1d2X1+1d2X1+1d2X1+1d2X1+1d2X1+1d2X1+1d2X1+1d2X1+1d2X1+1d2X1+1d2X1+1d2X1+1d2X1+1d2X1+1d2X1+1d2X1+1d2X1+1d2X1+1d2X1+1d2X1+1d2X1+1d2X1+1d2X1+1d2X1+1d2X1+1d2X1+1d2X1+1d2X1+1d2X1+1d2X1+1d2X1+1d2X1+1d2X1+1d2X1+1d2X1+1d2X1+1d2X1+1d2X1+1d2X1+1d2X1+1d2X1+1d2X1+1d2X1+1d2X1+1d2X1+1d2X1+1d2X1+1d2X1+1d2X1+1d2X1+1d2X1+1d2X1+1d2X1+1d2X1+1d2X1+1d2X1+1d2X1+1d2X1+1d2X1+1d2X1+1d2X1+1d2X1+1d2X1+1d2X1+1d2X1+1d2X1+1d2X1+1d2X1+1d2X1+1d2X1+1d2X1+1d2X1+1d2X1+1d2X1+1d2X1+1d2X1+1d2X1+1d2X1+1d2X1+1d2X1+1d2X1+1d2X1+1d2X1+1d2X1+1d2X1+1d2X1+1d2X1+1d2X1+1d2X1+1d2X1+1d2X1+1d2X1+1d2X1+1d2X1+1d2X1+1d2X1+1d2X1+1d2X1+1d2X1+1d2X1+1d2X1+1d2X1+1d2X1+1d2X1+1d2X1+1d2X1+1d2X1+1d2X1+1d2X1+1d2X1+1d2X1+1d2X1+1d2X1+1d2X1+1d2X1+1d2X1+1d2X1+1d2X1+1d2X1+1d2X1+1d2X1+1d2X1+1d2X1+1d2X1+1d2X1+1d2X1+1d2X1+1d2X1+1d2X1+1d2X1+1d2X1+1d2X1+1d2X1+1d2X1+1d2X1+1d2X1+1d2X1+1d2X1+1d2X1+1d2X1+1d2X1+1d2X1+1d2X1+1d2X1+1d2X1+1d2X1+1d2X1+1d2X1+1d2X1+1d2X1+1d2X1+1d2X1+1d2X1+1d2X1+1d2X1+1d2X1+1d2X1+1d2X1+1d2X1+1d2X1+1d2X1+1d2X1+1d2X1+1d2X1+1d2X1+1d2X1+1d2X1+1d2X1+1d2X1+1d2X1+1d2X1+1d2X1+1d2X1+1d2X1+1d2X1+1d2X1+1d2X1+1d2X1+1d2X1+1d2X1+1d2X1+1d2X1+1d2X1+1d2X1+1d2X1+1d2X1+1d2X1+1d2X1+1d2X1+1d2X1+1d2X1+1d2X1+1d2X1+1d2X1+1d2X1+1d2X1+1d2X1+1d2X1+1d2X1+1d2X1+1d2X1+1d2X1+1d2X1+1d2X1+1d2X1+1d2X1+1d2X1+1d2X1+1d2X1+1d2X1+1d2X1+1d2X1+1d2X1+1d2X1+1d2X1+1d2X1+1d2X1+1d2X1+1d2X1+1d2X1+1d2X1+1d2X1+1d2X1+1d2X1+1d2X1+1d2X1+1d2X1+1d2X1+1d2X1+1d2X1+1d2X1+1d2X1+1d2X1+1d2X1+1d2X1+1d2X1+1d2X1+1d2X1+1d2X1+1d2X1+1d2X1+1d2X1+1d2X1+1d2X1+1d2X1+1d2X1+1d2X1+1d2X1+1d2X1+1d2X1+1d2X1+1d2X1+1d2X1+1d2X1+1d2X1+1d2X1+1d2X1+1d2X1+1d2X1+1d2X1+1d2X1+1d2X1+1d2X1+1d2X1+1d2X1+1d2X1+1d2X1+1d2X1+1d2X1+1d2X1+1d2X1+1d2X1+1d2X1+1d2X1+1d2X1+1d2X1+1d2X1+1d2X1+1d2X1+1d2X1+1d2X1+1d2X1+1d2X1+1d2X1+1d2X1+1d2X1+1d2X1+1d2X1+1d2X1+1d2X1+1d2X1+1d2X1+1d2X1+1d2X1+1d2X1+1d2X1+1d2X1+1d2X1+1d2X1+1d2X1+1d2X1+1d2X1+1d2X1+1d2X1+1d2X1+1d2X1+1d2X1+1d2X1+1d2X1+1d2X1+1d2X1+1d2X1+1d2X1+1d2X1+1d2X1+1d2X1+1d2X1+1d2X1+1d2X1+1d2X1+1d2X1+1d2X1+1d2X1+1d2X1+1d2X1+1d2X1+1d2X1+1d2X1+1d2X1+1d2X1+1d2X1+1d2X1+1d2X1+1d2X1+1d2X1+1d2X1+1d2X1+1d2X1+1d2X1+1d2X1+1d2X1+1d2X1+1d2X1+1d2X1+1d2X1+1d2X1+1d2X1+1d2X1+1d2X1+1d2X1+1d2X1+1d2X1+1d2X1+1d2X1+1d2X1+1d2X1+1d2X1+1d2X1+1d2X1+1d2X1+1d2X1+1d2X1+1d2X1+1d2X1+1d2X1+1d2X1+1d2X1+1d2X1+1d2X1+1d2X1+1d2X1+1d2X1+1d2X1+1d2X1+1d2X1+1d2X1+1d2X1+1d2X1+1d2X1+1d2X1+1d2X1+1d2X1+1d2X1+1d2X1+1d2X1+1d2X1+1d2X1+1d2X1+1d2X1+1d2X1+1d2X1+1d2X1+1d2X1+1d2X1+1d2X1+1d2X1+1d2X1+1d2X1+1d2X1+1d2X1+1d2X1+1d2X1+1d2X1+1d2X1+1d2X1+1d2X1+1d2X1+1d2X1+1d2X1+1d2X1+1d2X1+1d2X1+1d2X1+1d2X1+1d2X1+1d2X1+1d2X1+1d2X1+1d2X1+1d2X1+1d2X1+1d2X1+1d2X1+1d2X1+1d2X1+1d2X1+1d2X1+1d2X1+1d2X1+1d2X1+1d2X1+1d2X1+1d2X1+1d2X1+1d2X1+1d2X1+1d2X1+1d2X1+1d2X1+1d2X1+1d2X1+1d2X1+1d2X1+1d2X1+1d2X1+1d2X1+1d2X1+1d2X1+1d2X1+1d2X1+1d2X1+1d2X1+1d2X1+1d2X1+1d2X1+1d2X1+1d2X1+1d2X1+1d2X1+1d2X1+1d2X1+1d2X1+1d2X1+1d2X1+1d2X1+1d2X1+1d2X1+1d2X1
